
Microsoft Visual Studio Solution File, Format Version 12.00
# Visual Studio Version 17
VisualStudioVersion = 17.2.32630.192
MinimumVisualStudioVersion = 10.0.40219.1
Project("{2150E333-8FDC-42A3-9474-1A3956D46DE8}") = "Domain", "Domain", "{05E0F57B-7D4E-4CF7-A0D2-EE66A818CED2}"
EndProject
Project("{9A19103F-16F7-4668-BE54-9A1E7A4F7556}") = "EM.Domain", "EM.Domain\EM.Domain.csproj", "{DA13EC11-46A5-4246-BA67-62FA55E5AA59}"
EndProject
Project("{2150E333-8FDC-42A3-9474-1A3956D46DE8}") = "Data", "Data", "{BD304217-5702-4E50-BA05-B7640F3742FD}"
EndProject
Project("{9A19103F-16F7-4668-BE54-9A1E7A4F7556}") = "EM.Data", "EM.Data\EM.Data.csproj", "{1AD6E605-1168-415E-AB53-A9343C2B1EE2}"
EndProject
Project("{2150E333-8FDC-42A3-9474-1A3956D46DE8}") = "Apresentacao", "Apresentacao", "{09FED2C7-2867-4900-A9B2-6FD43349BA5B}"
EndProject
Project("{9A19103F-16F7-4668-BE54-9A1E7A4F7556}") = "EM.Apresentacao", "EM.Apresentacao\EM.Apresentacao.csproj", "{F2F200F0-B1CD-4228-87D1-59F97527057B}"
EndProject
Global
	GlobalSection(SolutionConfigurationPlatforms) = preSolution
		Debug|Any CPU = Debug|Any CPU
		Release|Any CPU = Release|Any CPU
	EndGlobalSection
	GlobalSection(ProjectConfigurationPlatforms) = postSolution
		{DA13EC11-46A5-4246-BA67-62FA55E5AA59}.Debug|Any CPU.ActiveCfg = Debug|Any CPU
		{DA13EC11-46A5-4246-BA67-62FA55E5AA59}.Debug|Any CPU.Build.0 = Debug|Any CPU
		{DA13EC11-46A5-4246-BA67-62FA55E5AA59}.Release|Any CPU.ActiveCfg = Release|Any CPU
		{DA13EC11-46A5-4246-BA67-62FA55E5AA59}.Release|Any CPU.Build.0 = Release|Any CPU
		{1AD6E605-1168-415E-AB53-A9343C2B1EE2}.Debug|Any CPU.ActiveCfg = Debug|Any CPU
		{1AD6E605-1168-415E-AB53-A9343C2B1EE2}.Debug|Any CPU.Build.0 = Debug|Any CPU
		{1AD6E605-1168-415E-AB53-A9343C2B1EE2}.Release|Any CPU.ActiveCfg = Release|Any CPU
		{1AD6E605-1168-415E-AB53-A9343C2B1EE2}.Release|Any CPU.Build.0 = Release|Any CPU
		{F2F200F0-B1CD-4228-87D1-59F97527057B}.Debug|Any CPU.ActiveCfg = Debug|Any CPU
		{F2F200F0-B1CD-4228-87D1-59F97527057B}.Debug|Any CPU.Build.0 = Debug|Any CPU
		{F2F200F0-B1CD-4228-87D1-59F97527057B}.Release|Any CPU.ActiveCfg = Release|Any CPU
		{F2F200F0-B1CD-4228-87D1-59F97527057B}.Release|Any CPU.Build.0 = Release|Any CPU
	EndGlobalSection
	GlobalSection(SolutionProperties) = preSolution
		HideSolutionNode = FALSE
	EndGlobalSection
	GlobalSection(NestedProjects) = preSolution
		{DA13EC11-46A5-4246-BA67-62FA55E5AA59} = {05E0F57B-7D4E-4CF7-A0D2-EE66A818CED2}
		{1AD6E605-1168-415E-AB53-A9343C2B1EE2} = {BD304217-5702-4E50-BA05-B7640F3742FD}
		{F2F200F0-B1CD-4228-87D1-59F97527057B} = {09FED2C7-2867-4900-A9B2-6FD43349BA5B}
	EndGlobalSection
	GlobalSection(ExtensibilityGlobals) = postSolution
		SolutionGuid = {CF7C7F81-C783-453C-95A5-397B8B8C0DC0}
	EndGlobalSection
EndGlobal
